
Microsoft Visual Studio Solution File, Format Version 12.00
# Visual Studio Version 17
VisualStudioVersion = 17.0.32126.317
MinimumVisualStudioVersion = 10.0.40219.1
Project("{FAE04EC0-301F-11D3-BF4B-00C04F79EFBC}") = "PBOPolymorphisme", "PBOPolymorphisme\PBOPolymorphisme.csproj", "{5BB96606-A389-47E1-BC57-C3F69BC38724}"
EndProject
Global
	GlobalSection(SolutionConfigurationPlatforms) = preSolution
		Debug|Any CPU = Debug|Any CPU
		Release|Any CPU = Release|Any CPU
	EndGlobalSection
	GlobalSection(ProjectConfigurationPlatforms) = postSolution
		{5BB96606-A389-47E1-BC57-C3F69BC38724}.Debug|Any CPU.ActiveCfg = Debug|Any CPU
		{5BB96606-A389-47E1-BC57-C3F69BC38724}.Debug|Any CPU.Build.0 = Debug|Any CPU
		{5BB96606-A389-47E1-BC57-C3F69BC38724}.Release|Any CPU.ActiveCfg = Release|Any CPU
		{5BB96606-A389-47E1-BC57-C3F69BC38724}.Release|Any CPU.Build.0 = Release|Any CPU
	EndGlobalSection
	GlobalSection(SolutionProperties) = preSolution
		HideSolutionNode = FALSE
	EndGlobalSection
	GlobalSection(ExtensibilityGlobals) = postSolution
		SolutionGuid = {C0757F45-BB80-4989-95F3-DAEE66FD66C6}
	EndGlobalSection
EndGlobal
